<?xml version="1.0" encoding="UTF-8"?>
<CONFIG>
  <ProjectOptions>
    <Version Value="12"/>
    <PathDelim Value="\"/>
    <General>
      <SessionStorage Value="InProjectDir"/>
      <Title Value="CaMeEx"/>
      <Scaled Value="True"/>
      <ResourceType Value="res"/>
      <UseXPManifest Value="True"/>
      <XPManifest>
        <DpiAware Value="True"/>
        <TextName Value="JM.SS.CaMeEx"/>
        <TextDesc Value="Catalogador de medios extraibles."/>
      </XPManifest>
      <Icon Value="0"/>
    </General>
    <i18n>
      <EnableI18N Value="True"/>
      <OutDir Value="..\idioma"/>
      <ExcludedIdentifiers Count="6">
        <Item1 Value="tform_about.label_build.caption"/>
        <Item2 Value="tform_about.label_copyrigth.caption"/>
        <Item3 Value="tform_about.label_email.caption"/>
        <Item4 Value="tform_about.label_nombre_programa.caption"/>
        <Item5 Value="tform_about.label_url.caption"/>
        <Item6 Value="tform_about.label_version.caption"/>
      </ExcludedIdentifiers>
    </i18n>
    <VersionInfo>
      <UseVersionInfo Value="True"/>
      <MajorVersionNr Value="1"/>
      <MinorVersionNr Value="2"/>
      <RevisionNr Value="3"/>
      <BuildNr Value="4"/>
      <Language Value="040A"/>
      <StringTable Comments="Catalogador de medios extraibles." CompanyName="JMSS" FileDescription="Catalogador de medios extraibles." InternalName="CaMeEx" LegalCopyright="Juan Manuel Soltero Sánchez" LegalTrademarks="Juan Manuel Soltero Sánchez" OriginalFilename="CaMeEx" ProductName="CaMeEx" ProductVersion="1.2.3.4"/>
    </VersionInfo>
    <BuildModes>
      <Item Name="Default" Default="True"/>
    </BuildModes>
    <PublishOptions>
      <Version Value="2"/>
      <UseFileFilters Value="True"/>
    </PublishOptions>
    <RunParams>
      <FormatVersion Value="2"/>
    </RunParams>
    <RequiredPackages>
      <Item>
        <PackageName Value="SynEdit"/>
      </Item>
      <Item>
        <PackageName Value="laz.virtualtreeview_package"/>
      </Item>
      <Item>
        <PackageName Value="LCL"/>
      </Item>
    </RequiredPackages>
    <Units>
      <Unit>
        <Filename Value="cameex.lpr"/>
        <IsPartOfProject Value="True"/>
      </Unit>
      <Unit>
        <Filename Value="AppInfo.pas"/>
        <IsPartOfProject Value="True"/>
      </Unit>
      <Unit>
        <Filename Value="components\Control_Formulario_Avanzado.pas"/>
        <IsPartOfProject Value="True"/>
      </Unit>
      <Unit>
        <Filename Value="modelos\modelodatofromfile.pas"/>
        <IsPartOfProject Value="True"/>
        <UnitName Value="ModeloDatoFromFile"/>
      </Unit>
      <Unit>
        <Filename Value="modelos\modeloitemdata.pas"/>
        <IsPartOfProject Value="True"/>
        <UnitName Value="ModeloItemData"/>
      </Unit>
      <Unit>
        <Filename Value="components\Control_Logger.pas"/>
        <IsPartOfProject Value="True"/>
      </Unit>
      <Unit>
        <Filename Value="components\iconectordatos.pas"/>
        <IsPartOfProject Value="True"/>
        <UnitName Value="IConectorDatos"/>
      </Unit>
      <Unit>
        <Filename Value="vistas\main\UnidadPrincipal.pas"/>
        <IsPartOfProject Value="True"/>
        <ComponentName Value="Form1"/>
        <HasResources Value="True"/>
        <ResourceBaseClass Value="Form"/>
      </Unit>
      <Unit>
        <Filename Value="vistas\loading\UnidadLoading.pas"/>
        <IsPartOfProject Value="True"/>
        <ComponentName Value="FormLoading"/>
        <ResourceBaseClass Value="Form"/>
      </Unit>
      <Unit>
        <Filename Value="vistas\propiedades\UnidadPropiedades.pas"/>
        <IsPartOfProject Value="True"/>
        <ComponentName Value="Form_Propiedades"/>
        <HasResources Value="True"/>
        <ResourceBaseClass Value="Form"/>
      </Unit>
      <Unit>
        <Filename Value="vistas\propiedades\UnidadAtributos.pas"/>
        <IsPartOfProject Value="True"/>
        <ComponentName Value="Frame_Atributos"/>
        <ResourceBaseClass Value="Frame"/>
      </Unit>
      <Unit>
        <Filename Value="vistas\scan\UnidadScan.pas"/>
        <IsPartOfProject Value="True"/>
        <ComponentName Value="FormScan"/>
        <ResourceBaseClass Value="Form"/>
      </Unit>
      <Unit>
        <Filename Value="vistas\about\Control_About.pas"/>
        <IsPartOfProject Value="True"/>
        <ComponentName Value="Form_About"/>
        <ResourceBaseClass Value="Form"/>
      </Unit>
    </Units>
  </ProjectOptions>
  <CompilerOptions>
    <Version Value="11"/>
    <PathDelim Value="\"/>
    <Target>
      <Filename Value="..\cameex-$(TargetCPU)-$(TargetOS)"/>
    </Target>
    <SearchPaths>
      <IncludeFiles Value="$(ProjOutDir)"/>
      <OtherUnitFiles Value="components;components\metadarkstyle-main\src;components\scan;modelos;vistas\propiedades;vistas\scan;vistas\main;vistas\loading;vistas\about"/>
      <UnitOutputDirectory Value="..\lib\$(TargetCPU)-$(TargetOS)"/>
    </SearchPaths>
    <CodeGeneration>
      <Optimizations>
        <OptimizationLevel Value="3"/>
      </Optimizations>
    </CodeGeneration>
    <Linking>
      <Debugging>
        <DebugInfoType Value="dsDwarf2Set"/>
        <StripSymbols Value="True"/>
        <UseExternalDbgSyms Value="True"/>
      </Debugging>
      <Options>
        <Win32>
          <GraphicApplication Value="True"/>
        </Win32>
      </Options>
    </Linking>
  </CompilerOptions>
  <Debugging>
    <Exceptions>
      <Item>
        <Name Value="EAbort"/>
      </Item>
      <Item>
        <Name Value="ECodetoolError"/>
      </Item>
      <Item>
        <Name Value="EFOpenError"/>
      </Item>
    </Exceptions>
  </Debugging>
</CONFIG>
